
Microsoft Visual Studio Solution File, Format Version 12.00
# Visual Studio 15
VisualStudioVersion = 15.0.27130.2024
MinimumVisualStudioVersion = 10.0.40219.1
Project("{888888A0-9F3D-457C-B088-3A5042F75D52}") = "Investment_Cal", "Investment_Cal\Investment_Cal.pyproj", "{C2452A93-301D-4496-879B-2CC8C640A696}"
EndProject
Global
	GlobalSection(SolutionConfigurationPlatforms) = preSolution
		Debug|Any CPU = Debug|Any CPU
		Release|Any CPU = Release|Any CPU
	EndGlobalSection
	GlobalSection(ProjectConfigurationPlatforms) = postSolution
		{C2452A93-301D-4496-879B-2CC8C640A696}.Debug|Any CPU.ActiveCfg = Debug|Any CPU
		{C2452A93-301D-4496-879B-2CC8C640A696}.Release|Any CPU.ActiveCfg = Release|Any CPU
	EndGlobalSection
	GlobalSection(SolutionProperties) = preSolution
		HideSolutionNode = FALSE
	EndGlobalSection
	GlobalSection(ExtensibilityGlobals) = postSolution
		SolutionGuid = {4107CDEA-0B7E-434A-B598-D532DD292D96}
	EndGlobalSection
EndGlobal
